{
  "name": "golsz",
  "lockfileVersion": 3,
  "requires": true,
  "packages": {
    "": {
      "name": "golsz",
      "dependencies": {
        "web-push": "^3.6.7"
      },
      "devDependencies": {
        "@babel/parser": "^7.29.8",
        "@babel/traverse": "^8.0.4"
      }
    },
    "node_modules/@babel/code-frame": {
      "version": "8.0.0",
      "resolved": "https://registry.npmjs.org/@babel/code-frame/-/code-frame-8.0.0.tgz",
      "integrity": "sha512-dYYg153EyN2Ekbqw2zAsbd6/JR+9N2SEoC7YV2GyyqMM7x9bLDTjBD6XBhSMLH0wtIVyJj03jWNriQhaN+eoCw==",
      "dev": true,
      "license": "MIT",
      "dependencies": {
        "@babel/helper-validator-identifier": "^8.0.0",
        "js-tokens": "^10.0.0"
      },
      "engines": {
        "node": "^22.18.0 || >=24.11.0"
      }
    },
    "node_modules/@babel/code-frame/node_modules/@babel/helper-validator-identifier": {
      "version": "8.0.4",
      "resolved": "https://registry.npmjs.org/@babel/helper-validator-identifier/-/helper-validator-identifier-8.0.4.tgz",
      "integrity": "sha512-4wFaiLd0bVo4cIoTXI3zKI038NIWE/cr3jvBjejOVYVxV/m8Ltav1USiGzG1fmS5J2RhgEOgXNNK46cRPnRsrg==",
      "dev": true,
      "license": "MIT",
      "engines": {
        "node": "^22.18.0 || >=24.11.0"
      }
    },
    "node_modules/@babel/generator": {
      "version": "8.0.0",
      "resolved": "https://registry.npmjs.org/@babel/generator/-/generator-8.0.0.tgz",
      "integrity": "sha512-NT9NrVwJsbSV6Y2FSstWa71EETOnzrjkL5/wX3D2mYHtKM+qvqB1DvR4D0Setb/gDBsHzRICifwEWMO8CnTF6g==",
      "dev": true,
      "license": "MIT",
      "dependencies": {
        "@babel/parser": "^8.0.0",
        "@babel/types": "^8.0.0",
        "@jridgewell/gen-mapping": "^0.3.12",
        "@jridgewell/trace-mapping": "^0.3.28",
        "@types/jsesc": "^2.5.0",
        "jsesc": "^3.0.2"
      },
      "engines": {
        "node": "^22.18.0 || >=24.11.0"
      }
    },
    "node_modules/@babel/generator/node_modules/@babel/helper-string-parser": {
      "version": "8.0.0",
      "resolved": "https://registry.npmjs.org/@babel/helper-string-parser/-/helper-string-parser-8.0.0.tgz",
      "integrity": "sha512-6mJgmFFFIIO82vvoLt9XtRC7/TkzXfts1t/SpRX4IHSzMgqoPYCWesVu1udUPUWioAE/2fcG6WuI8zrkE1gwrg==",
      "dev": true,
      "license": "MIT",
      "engines": {
        "node": "^22.18.0 || >=24.11.0"
      }
    },
    "node_modules/@babel/generator/node_modules/@babel/helper-validator-identifier": {
      "version": "8.0.4",
      "resolved": "https://registry.npmjs.org/@babel/helper-validator-identifier/-/helper-validator-identifier-8.0.4.tgz",
      "integrity": "sha512-4wFaiLd0bVo4cIoTXI3zKI038NIWE/cr3jvBjejOVYVxV/m8Ltav1USiGzG1fmS5J2RhgEOgXNNK46cRPnRsrg==",
      "dev": true,
      "license": "MIT",
      "engines": {
        "node": "^22.18.0 || >=24.11.0"
      }
    },
    "node_modules/@babel/generator/node_modules/@babel/parser": {
      "version": "8.0.4",
      "resolved": "https://registry.npmjs.org/@babel/parser/-/parser-8.0.4.tgz",
      "integrity": "sha512-srpptsAkEbbNIC/q8nT7o+m6CQe8CJUTV/t7MYc9NnWlgYVtHOb7JH6SorxMhN0kuRJjVqXbKClG6xSbPtzz+g==",
      "dev": true,
      "license": "MIT",
      "dependencies": {
        "@babel/types": "^8.0.4"
      },
      "bin": {
        "parser": "bin/babel-parser.js"
      },
      "engines": {
        "node": "^22.18.0 || >=24.11.0"
      }
    },
    "node_modules/@babel/generator/node_modules/@babel/types": {
      "version": "8.0.4",
      "resolved": "https://registry.npmjs.org/@babel/types/-/types-8.0.4.tgz",
      "integrity": "sha512-eY+Yn3dCqTGmyiq2QRU66lA5FL8lqqqvecHt0fF3uHONIa7ToYsaCiWV8lOKqAs0Rb2SjixiKFROngnulPtt2g==",
      "dev": true,
      "license": "MIT",
      "dependencies": {
        "@babel/helper-string-parser": "^8.0.0",
        "@babel/helper-validator-identifier": "^8.0.4"
      },
      "engines": {
        "node": "^22.18.0 || >=24.11.0"
      }
    },
    "node_modules/@babel/helper-globals": {
      "version": "8.0.0",
      "resolved": "https://registry.npmjs.org/@babel/helper-globals/-/helper-globals-8.0.0.tgz",
      "integrity": "sha512-lLozHOM6sWWlxNo8CYqHy4MBZeTvHXNgVPBfPOGsjPKUzHC2Az9QwB6gxdQmpwHl6GlQtbGgS+lj5887guDiLw==",
      "dev": true,
      "license": "MIT",
      "engines": {
        "node": "^22.18.0 || >=24.11.0"
      }
    },
    "node_modules/@babel/helper-string-parser": {
      "version": "7.29.7",
      "resolved": "https://registry.npmjs.org/@babel/helper-string-parser/-/helper-string-parser-7.29.7.tgz",
      "integrity": "sha512-Pb5ijPrZ89GDH8223L4UP8i6QApWxs04RbPQJTeWDV0/keR2E36MeKnyr6LYmUUvqRRI+Iv87SuF1W6ErINzYw==",
      "dev": true,
      "license": "MIT",
      "engines": {
        "node": ">=6.9.0"
      }
    },
    "node_modules/@babel/helper-validator-identifier": {
      "version": "7.29.7",
      "resolved": "https://registry.npmjs.org/@babel/helper-validator-identifier/-/helper-validator-identifier-7.29.7.tgz",
      "integrity": "sha512-qehxGkRj55h/ff8EMaJ+cYhyaKlHIxqYDn682wQD7RNp9UujOQsHog2uS0r2vzr4pW+sXf90NeeayjcNaX3fFg==",
      "dev": true,
      "license": "MIT",
      "engines": {
        "node": ">=6.9.0"
      }
    },
    "node_modules/@babel/parser": {
      "version": "7.29.8",
      "resolved": "https://registry.npmjs.org/@babel/parser/-/parser-7.29.8.tgz",
      "integrity": "sha512-E8lTAYNB1KW+FH+VGJuZM1ioAx2E6oVlvQFRrf5P8ZZmsiJXYAD9vTFV7yyEURNzgh1dFqMZuO6tUwcARbqFCA==",
      "dev": true,
      "license": "MIT",
      "dependencies": {
        "@babel/types": "^7.29.8"
      },
      "bin": {
        "parser": "bin/babel-parser.js"
      },
      "engines": {
        "node": ">=6.0.0"
      }
    },
    "node_modules/@babel/template": {
      "version": "8.0.0",
      "resolved": "https://registry.npmjs.org/@babel/template/-/template-8.0.0.tgz",
      "integrity": "sha512-eAD0QW/AlbamBbw0FeGiwasbCVPq5ncW0HNVyLP3B9czqLyh4gvw+5JTSNt6le9+ziAU7mqDZsKTHf3jTb4chQ==",
      "dev": true,
      "license": "MIT",
      "dependencies": {
        "@babel/code-frame": "^8.0.0",
        "@babel/parser": "^8.0.0",
        "@babel/types": "^8.0.0"
      },
      "engines": {
        "node": "^22.18.0 || >=24.11.0"
      }
    },
    "node_modules/@babel/template/node_modules/@babel/helper-string-parser": {
      "version": "8.0.0",
      "resolved": "https://registry.npmjs.org/@babel/helper-string-parser/-/helper-string-parser-8.0.0.tgz",
      "integrity": "sha512-6mJgmFFFIIO82vvoLt9XtRC7/TkzXfts1t/SpRX4IHSzMgqoPYCWesVu1udUPUWioAE/2fcG6WuI8zrkE1gwrg==",
      "dev": true,
      "license": "MIT",
      "engines": {
        "node": "^22.18.0 || >=24.11.0"
      }
    },
    "node_modules/@babel/template/node_modules/@babel/helper-validator-identifier": {
      "version": "8.0.4",
      "resolved": "https://registry.npmjs.org/@babel/helper-validator-identifier/-/helper-validator-identifier-8.0.4.tgz",
      "integrity": "sha512-4wFaiLd0bVo4cIoTXI3zKI038NIWE/cr3jvBjejOVYVxV/m8Ltav1USiGzG1fmS5J2RhgEOgXNNK46cRPnRsrg==",
      "dev": true,
      "license": "MIT",
      "engines": {
        "node": "^22.18.0 || >=24.11.0"
      }
    },
    "node_modules/@babel/template/node_modules/@babel/parser": {
      "version": "8.0.4",
      "resolved": "https://registry.npmjs.org/@babel/parser/-/parser-8.0.4.tgz",
      "integrity": "sha512-srpptsAkEbbNIC/q8nT7o+m6CQe8CJUTV/t7MYc9NnWlgYVtHOb7JH6SorxMhN0kuRJjVqXbKClG6xSbPtzz+g==",
      "dev": true,
      "license": "MIT",
      "dependencies": {
        "@babel/types": "^8.0.4"
      },
      "bin": {
        "parser": "bin/babel-parser.js"
      },
      "engines": {
        "node": "^22.18.0 || >=24.11.0"
      }
    },
    "node_modules/@babel/template/node_modules/@babel/types": {
      "version": "8.0.4",
      "resolved": "https://registry.npmjs.org/@babel/types/-/types-8.0.4.tgz",
      "integrity": "sha512-eY+Yn3dCqTGmyiq2QRU66lA5FL8lqqqvecHt0fF3uHONIa7ToYsaCiWV8lOKqAs0Rb2SjixiKFROngnulPtt2g==",
      "dev": true,
      "license": "MIT",
      "dependencies": {
        "@babel/helper-string-parser": "^8.0.0",
        "@babel/helper-validator-identifier": "^8.0.4"
      },
      "engines": {
        "node": "^22.18.0 || >=24.11.0"
      }
    },
    "node_modules/@babel/traverse": {
      "version": "8.0.4",
      "resolved": "https://registry.npmjs.org/@babel/traverse/-/traverse-8.0.4.tgz",
      "integrity": "sha512-bZnmqzGG8UZneG1lLxBoWIH0G6Gr1D846Yu4/3XnY6FhCndMR49u26nTY08u/dAxWmLWF9vGQOuC+84FfIUoeg==",
      "dev": true,
      "license": "MIT",
      "dependencies": {
        "@babel/code-frame": "^8.0.0",
        "@babel/generator": "^8.0.0",
        "@babel/helper-globals": "^8.0.0",
        "@babel/parser": "^8.0.4",
        "@babel/template": "^8.0.0",
        "@babel/types": "^8.0.4",
        "obug": "^2.1.1"
      },
      "engines": {
        "node": "^22.18.0 || >=24.11.0"
      }
    },
    "node_modules/@babel/traverse/node_modules/@babel/helper-string-parser": {
      "version": "8.0.0",
      "resolved": "https://registry.npmjs.org/@babel/helper-string-parser/-/helper-string-parser-8.0.0.tgz",
      "integrity": "sha512-6mJgmFFFIIO82vvoLt9XtRC7/TkzXfts1t/SpRX4IHSzMgqoPYCWesVu1udUPUWioAE/2fcG6WuI8zrkE1gwrg==",
      "dev": true,
      "license": "MIT",
      "engines": {
        "node": "^22.18.0 || >=24.11.0"
      }
    },
    "node_modules/@babel/traverse/node_modules/@babel/helper-validator-identifier": {
      "version": "8.0.4",
      "resolved": "https://registry.npmjs.org/@babel/helper-validator-identifier/-/helper-validator-identifier-8.0.4.tgz",
      "integrity": "sha512-4wFaiLd0bVo4cIoTXI3zKI038NIWE/cr3jvBjejOVYVxV/m8Ltav1USiGzG1fmS5J2RhgEOgXNNK46cRPnRsrg==",
      "dev": true,
      "license": "MIT",
      "engines": {
        "node": "^22.18.0 || >=24.11.0"
      }
    },
    "node_modules/@babel/traverse/node_modules/@babel/parser": {
      "version": "8.0.4",
      "resolved": "https://registry.npmjs.org/@babel/parser/-/parser-8.0.4.tgz",
      "integrity": "sha512-srpptsAkEbbNIC/q8nT7o+m6CQe8CJUTV/t7MYc9NnWlgYVtHOb7JH6SorxMhN0kuRJjVqXbKClG6xSbPtzz+g==",
      "dev": true,
      "license": "MIT",
      "dependencies": {
        "@babel/types": "^8.0.4"
      },
      "bin": {
        "parser": "bin/babel-parser.js"
      },
      "engines": {
        "node": "^22.18.0 || >=24.11.0"
      }
    },
    "node_modules/@babel/traverse/node_modules/@babel/types": {
      "version": "8.0.4",
      "resolved": "https://registry.npmjs.org/@babel/types/-/types-8.0.4.tgz",
      "integrity": "sha512-eY+Yn3dCqTGmyiq2QRU66lA5FL8lqqqvecHt0fF3uHONIa7ToYsaCiWV8lOKqAs0Rb2SjixiKFROngnulPtt2g==",
      "dev": true,
      "license": "MIT",
      "dependencies": {
        "@babel/helper-string-parser": "^8.0.0",
        "@babel/helper-validator-identifier": "^8.0.4"
      },
      "engines": {
        "node": "^22.18.0 || >=24.11.0"
      }
    },
    "node_modules/@babel/types": {
      "version": "7.29.8",
      "resolved": "https://registry.npmjs.org/@babel/types/-/types-7.29.8.tgz",
      "integrity": "sha512-Vj1jF3cPfxg7OAfoI7QnVKLoILlm2JF9pnVHrX8qx7AHMiYWT+NDAA7jChlNgRS4WTLc/fD1lXLmPixluj+3Gg==",
      "dev": true,
      "license": "MIT",
      "dependencies": {
        "@babel/helper-string-parser": "^7.29.7",
        "@babel/helper-validator-identifier": "^7.29.7"
      },
      "engines": {
        "node": ">=6.9.0"
      }
    },
    "node_modules/@jridgewell/gen-mapping": {
      "version": "0.3.13",
      "resolved": "https://registry.npmjs.org/@jridgewell/gen-mapping/-/gen-mapping-0.3.13.tgz",
      "integrity": "sha512-2kkt/7niJ6MgEPxF0bYdQ6etZaA+fQvDcLKckhy1yIQOzaoKjBBjSj63/aLVjYE3qhRt5dvM+uUyfCg6UKCBbA==",
      "dev": true,
      "license": "MIT",
      "dependencies": {
        "@jridgewell/sourcemap-codec": "^1.5.0",
        "@jridgewell/trace-mapping": "^0.3.24"
      }
    },
    "node_modules/@jridgewell/resolve-uri": {
      "version": "3.1.2",
      "resolved": "https://registry.npmjs.org/@jridgewell/resolve-uri/-/resolve-uri-3.1.2.tgz",
      "integrity": "sha512-bRISgCIjP20/tbWSPWMEi54QVPRZExkuD9lJL+UIxUKtwVJA8wW1Trb1jMs1RFXo1CBTNZ/5hpC9QvmKWdopKw==",
      "dev": true,
      "license": "MIT",
      "engines": {
        "node": ">=6.0.0"
      }
    },
    "node_modules/@jridgewell/sourcemap-codec": {
      "version": "1.5.5",
      "resolved": "https://registry.npmjs.org/@jridgewell/sourcemap-codec/-/sourcemap-codec-1.5.5.tgz",
      "integrity": "sha512-cYQ9310grqxueWbl+WuIUIaiUaDcj7WOq5fVhEljNVgRfOUhY9fy2zTvfoqWsnebh8Sl70VScFbICvJnLKB0Og==",
      "dev": true,
      "license": "MIT"
    },
    "node_modules/@jridgewell/trace-mapping": {
      "version": "0.3.31",
      "resolved": "https://registry.npmjs.org/@jridgewell/trace-mapping/-/trace-mapping-0.3.31.tgz",
      "integrity": "sha512-zzNR+SdQSDJzc8joaeP8QQoCQr8NuYx2dIIytl1QeBEZHJ9uW6hebsrYgbz8hJwUQao3TWCMtmfV8Nu1twOLAw==",
      "dev": true,
      "license": "MIT",
      "dependencies": {
        "@jridgewell/resolve-uri": "^3.1.0",
        "@jridgewell/sourcemap-codec": "^1.4.14"
      }
    },
    "node_modules/@types/jsesc": {
      "version": "2.5.1",
      "resolved": "https://registry.npmjs.org/@types/jsesc/-/jsesc-2.5.1.tgz",
      "integrity": "sha512-9VN+6yxLOPLOav+7PwjZbxiID2bVaeq0ED4qSQmdQTdjnXJSaCVKTR58t15oqH1H5t8Ng2ZX1SabJVoN9Q34bw==",
      "dev": true,
      "license": "MIT"
    },
    "node_modules/agent-base": {
      "version": "7.1.4",
      "resolved": "https://registry.npmjs.org/agent-base/-/agent-base-7.1.4.tgz",
      "integrity": "sha512-MnA+YT8fwfJPgBx3m60MNqakm30XOkyIoH1y6huTQvC0PwZG7ki8NacLBcrPbNoo8vEZy7Jpuk7+jMO+CUovTQ==",
      "license": "MIT",
      "engines": {
        "node": ">= 14"
      }
    },
    "node_modules/asn1.js": {
      "version": "5.4.1",
      "resolved": "https://registry.npmjs.org/asn1.js/-/asn1.js-5.4.1.tgz",
      "integrity": "sha512-+I//4cYPccV8LdmBLiX8CYvf9Sp3vQsrqu2QNXRcrbiWvcx/UdlFiqUJJzxRQxgsZmvhXhn4cSKeSmoFjVdupA==",
      "license": "MIT",
      "dependencies": {
        "bn.js": "^4.0.0",
        "inherits": "^2.0.1",
        "minimalistic-assert": "^1.0.0",
        "safer-buffer": "^2.1.0"
      }
    },
    "node_modules/bn.js": {
      "version": "4.12.5",
      "resolved": "https://registry.npmjs.org/bn.js/-/bn.js-4.12.5.tgz",
      "integrity": "sha512-3aRg6/JxfffFD+OlOjOFR3Vo79l39ooBTFucxx+MT3dhCtzn3EmiUPQo+6/OZuI2jbXi3YKgmiTFBgChQMwIRQ==",
      "license": "MIT"
    },
    "node_modules/buffer-equal-constant-time": {
      "version": "1.0.1",
      "resolved": "https://registry.npmjs.org/buffer-equal-constant-time/-/buffer-equal-constant-time-1.0.1.tgz",
      "integrity": "sha512-zRpUiDwd/xk6ADqPMATG8vc9VPrkck7T07OIx0gnjmJAnHnTVXNQG3vfvWNuiZIkwu9KrKdA1iJKfsfTVxE6NA==",
      "license": "BSD-3-Clause"
    },
    "node_modules/debug": {
      "version": "4.4.3",
      "resolved": "https://registry.npmjs.org/debug/-/debug-4.4.3.tgz",
      "integrity": "sha512-RGwwWnwQvkVfavKVt22FGLw+xYSdzARwm0ru6DhTVA3umU5hZc28V3kO4stgYryrTlLpuvgI9GiijltAjNbcqA==",
      "license": "MIT",
      "dependencies": {
        "ms": "^2.1.3"
      },
      "engines": {
        "node": ">=6.0"
      },
      "peerDependenciesMeta": {
        "supports-color": {
          "optional": true
        }
      }
    },
    "node_modules/ecdsa-sig-formatter": {
      "version": "1.0.11",
      "resolved": "https://registry.npmjs.org/ecdsa-sig-formatter/-/ecdsa-sig-formatter-1.0.11.tgz",
      "integrity": "sha512-nagl3RYrbNv6kQkeJIpt6NJZy8twLB/2vtz6yN9Z4vRKHN4/QZJIEbqohALSgwKdnksuY3k5Addp5lg8sVoVcQ==",
      "license": "Apache-2.0",
      "dependencies": {
        "safe-buffer": "^5.0.1"
      }
    },
    "node_modules/http_ece": {
      "version": "1.2.0",
      "resolved": "https://registry.npmjs.org/http_ece/-/http_ece-1.2.0.tgz",
      "integrity": "sha512-JrF8SSLVmcvc5NducxgyOrKXe3EsyHMgBFgSaIUGmArKe+rwr0uphRkRXvwiom3I+fpIfoItveHrfudL8/rxuA==",
      "license": "MIT",
      "engines": {
        "node": ">=16"
      }
    },
    "node_modules/https-proxy-agent": {
      "version": "7.0.6",
      "resolved": "https://registry.npmjs.org/https-proxy-agent/-/https-proxy-agent-7.0.6.tgz",
      "integrity": "sha512-vK9P5/iUfdl95AI+JVyUuIcVtd4ofvtrOr3HNtM2yxC9bnMbEdp3x01OhQNnjb8IJYi38VlTE3mBXwcfvywuSw==",
      "license": "MIT",
      "dependencies": {
        "agent-base": "^7.1.2",
        "debug": "4"
      },
      "engines": {
        "node": ">= 14"
      }
    },
    "node_modules/inherits": {
      "version": "2.0.4",
      "resolved": "https://registry.npmjs.org/inherits/-/inherits-2.0.4.tgz",
      "integrity": "sha512-k/vGaX4/Yla3WzyMCvTQOXYeIHvqOKtnqBduzTHpzpQZzAskKMhZ2K+EnBiSM9zGSoIFeMpXKxa4dYeZIQqewQ==",
      "license": "ISC"
    },
    "node_modules/js-tokens": {
      "version": "10.0.0",
      "resolved": "https://registry.npmjs.org/js-tokens/-/js-tokens-10.0.0.tgz",
      "integrity": "sha512-lM/UBzQmfJRo9ABXbPWemivdCW8V2G8FHaHdypQaIy523snUjog0W71ayWXTjiR+ixeMyVHN2XcpnTd/liPg/Q==",
      "dev": true,
      "license": "MIT"
    },
    "node_modules/jsesc": {
      "version": "3.1.0",
      "resolved": "https://registry.npmjs.org/jsesc/-/jsesc-3.1.0.tgz",
      "integrity": "sha512-/sM3dO2FOzXjKQhJuo0Q173wf2KOo8t4I8vHy6lF9poUp7bKT0/NHE8fPX23PwfhnykfqnC2xRxOnVw5XuGIaA==",
      "dev": true,
      "license": "MIT",
      "bin": {
        "jsesc": "bin/jsesc"
      },
      "engines": {
        "node": ">=6"
      }
    },
    "node_modules/jwa": {
      "version": "2.0.1",
      "resolved": "https://registry.npmjs.org/jwa/-/jwa-2.0.1.tgz",
      "integrity": "sha512-hRF04fqJIP8Abbkq5NKGN0Bbr3JxlQ+qhZufXVr0DvujKy93ZCbXZMHDL4EOtodSbCWxOqR8MS1tXA5hwqCXDg==",
      "license": "MIT",
      "dependencies": {
        "buffer-equal-constant-time": "^1.0.1",
        "ecdsa-sig-formatter": "1.0.11",
        "safe-buffer": "^5.0.1"
      }
    },
    "node_modules/jws": {
      "version": "4.0.1",
      "resolved": "https://registry.npmjs.org/jws/-/jws-4.0.1.tgz",
      "integrity": "sha512-EKI/M/yqPncGUUh44xz0PxSidXFr/+r0pA70+gIYhjv+et7yxM+s29Y+VGDkovRofQem0fs7Uvf4+YmAdyRduA==",
      "license": "MIT",
      "dependencies": {
        "jwa": "^2.0.1",
        "safe-buffer": "^5.0.1"
      }
    },
    "node_modules/minimalistic-assert": {
      "version": "1.0.1",
      "resolved": "https://registry.npmjs.org/minimalistic-assert/-/minimalistic-assert-1.0.1.tgz",
      "integrity": "sha512-UtJcAD4yEaGtjPezWuO9wC4nwUnVH/8/Im3yEHQP4b67cXlD/Qr9hdITCU1xDbSEXg2XKNaP8jsReV7vQd00/A==",
      "license": "ISC"
    },
    "node_modules/minimist": {
      "version": "1.2.8",
      "resolved": "https://registry.npmjs.org/minimist/-/minimist-1.2.8.tgz",
      "integrity": "sha512-2yyAR8qBkN3YuheJanUpWC5U3bb5osDywNB8RzDVlDwDHbocAJveqqj1u8+SVD7jkWT4yvsHCpWqqWqAxb0zCA==",
      "license": "MIT",
      "funding": {
        "url": "https://github.com/sponsors/ljharb"
      }
    },
    "node_modules/ms": {
      "version": "2.1.3",
      "resolved": "https://registry.npmjs.org/ms/-/ms-2.1.3.tgz",
      "integrity": "sha512-6FlzubTLZG3J2a/NVCAleEhjzq5oxgHyaCU9yYXvcLsvoVaHJq/s5xXI6/XXP6tz7R9xAOtHnSO/tXtF3WRTlA==",
      "license": "MIT"
    },
    "node_modules/obug": {
      "version": "2.1.4",
      "resolved": "https://registry.npmjs.org/obug/-/obug-2.1.4.tgz",
      "integrity": "sha512-4a+OsYv9UktOJKE+l1A4OufDgdRF9PifWj+tJnHURo/P+WOxpG4GzUFL9qCalmWauao6ogiG+QvnCovwPoyAWA==",
      "dev": true,
      "funding": [
        "https://github.com/sponsors/sxzz",
        "https://opencollective.com/debug"
      ],
      "license": "MIT",
      "engines": {
        "node": ">=12.20.0"
      }
    },
    "node_modules/safe-buffer": {
      "version": "5.2.1",
      "resolved": "https://registry.npmjs.org/safe-buffer/-/safe-buffer-5.2.1.tgz",
      "integrity": "sha512-rp3So07KcdmmKbGvgaNxQSJr7bGVSVk5S9Eq1F+ppbRo70+YeaDxkw5Dd8NPN+GD6bjnYm2VuPuCXmpuYvmCXQ==",
      "funding": [
        {
          "type": "github",
          "url": "https://github.com/sponsors/feross"
        },
        {
          "type": "patreon",
          "url": "https://www.patreon.com/feross"
        },
        {
          "type": "consulting",
          "url": "https://feross.org/support"
        }
      ],
      "license": "MIT"
    },
    "node_modules/safer-buffer": {
      "version": "2.1.2",
      "resolved": "https://registry.npmjs.org/safer-buffer/-/safer-buffer-2.1.2.tgz",
      "integrity": "sha512-YZo3K82SD7Riyi0E1EQPojLz7kpepnSQI9IyPbHHg1XXXevb5dJI7tpyN2ADxGcQbHG7vcyRHk0cbwqcQriUtg==",
      "license": "MIT"
    },
    "node_modules/web-push": {
      "version": "3.6.7",
      "resolved": "https://registry.npmjs.org/web-push/-/web-push-3.6.7.tgz",
      "integrity": "sha512-OpiIUe8cuGjrj3mMBFWY+e4MMIkW3SVT+7vEIjvD9kejGUypv8GPDf84JdPWskK8zMRIJ6xYGm+Kxr8YkPyA0A==",
      "license": "MPL-2.0",
      "dependencies": {
        "asn1.js": "^5.3.0",
        "http_ece": "1.2.0",
        "https-proxy-agent": "^7.0.0",
        "jws": "^4.0.0",
        "minimist": "^1.2.5"
      },
      "bin": {
        "web-push": "src/cli.js"
      },
      "engines": {
        "node": ">= 16"
      }
    }
  }
}
